
Microsoft Visual Studio Solution File, Format Version 12.00
# Visual Studio Version 17
VisualStudioVersion = 17.4.33110.190
MinimumVisualStudioVersion = 10.0.40219.1
Project("{FAE04EC0-301F-11D3-BF4B-00C04F79EFBC}") = "Cargo.Project.Mvc", "Cargo.Project.Mvc\Cargo.Project.Mvc.csproj", "{CAC5B08A-882B-44D4-AD12-3A745952C60D}"
EndProject
Global
	GlobalSection(SolutionConfigurationPlatforms) = preSolution
		Debug|Any CPU = Debug|Any CPU
		Release|Any CPU = Release|Any CPU
	EndGlobalSection
	GlobalSection(ProjectConfigurationPlatforms) = postSolution
		{CAC5B08A-882B-44D4-AD12-3A745952C60D}.Debug|Any CPU.ActiveCfg = Debug|Any CPU
		{CAC5B08A-882B-44D4-AD12-3A745952C60D}.Debug|Any CPU.Build.0 = Debug|Any CPU
		{CAC5B08A-882B-44D4-AD12-3A745952C60D}.Release|Any CPU.ActiveCfg = Release|Any CPU
		{CAC5B08A-882B-44D4-AD12-3A745952C60D}.Release|Any CPU.Build.0 = Release|Any CPU
	EndGlobalSection
	GlobalSection(SolutionProperties) = preSolution
		HideSolutionNode = FALSE
	EndGlobalSection
	GlobalSection(ExtensibilityGlobals) = postSolution
		SolutionGuid = {423652F6-E9F6-433F-9C5C-EFD0D3F2CC0F}
	EndGlobalSection
EndGlobal
